
Microsoft Visual Studio Solution File, Format Version 12.00
# Visual Studio 2013
VisualStudioVersion = 12.0.40629.0
MinimumVisualStudioVersion = 10.0.40219.1
Project("{FAE04EC0-301F-11D3-BF4B-00C04F79EFBC}") = "GUI", "GUI\GUI.csproj", "{F7F1BC37-8E16-47DE-BD13-7A39AEFF56F1}"
EndProject
Project("{FAE04EC0-301F-11D3-BF4B-00C04F79EFBC}") = "BLL_DAL", "BLL_DAL\BLL_DAL.csproj", "{6DA7A0FB-9BCA-48E9-83F1-83DABE39F092}"
EndProject
Global
	GlobalSection(SolutionConfigurationPlatforms) = preSolution
		Debug|Any CPU = Debug|Any CPU
		Release|Any CPU = Release|Any CPU
	EndGlobalSection
	GlobalSection(ProjectConfigurationPlatforms) = postSolution
		{F7F1BC37-8E16-47DE-BD13-7A39AEFF56F1}.Debug|Any CPU.ActiveCfg = Debug|Any CPU
		{F7F1BC37-8E16-47DE-BD13-7A39AEFF56F1}.Debug|Any CPU.Build.0 = Debug|Any CPU
		{F7F1BC37-8E16-47DE-BD13-7A39AEFF56F1}.Release|Any CPU.ActiveCfg = Release|Any CPU
		{F7F1BC37-8E16-47DE-BD13-7A39AEFF56F1}.Release|Any CPU.Build.0 = Release|Any CPU
		{6DA7A0FB-9BCA-48E9-83F1-83DABE39F092}.Debug|Any CPU.ActiveCfg = Debug|Any CPU
		{6DA7A0FB-9BCA-48E9-83F1-83DABE39F092}.Debug|Any CPU.Build.0 = Debug|Any CPU
		{6DA7A0FB-9BCA-48E9-83F1-83DABE39F092}.Release|Any CPU.ActiveCfg = Release|Any CPU
		{6DA7A0FB-9BCA-48E9-83F1-83DABE39F092}.Release|Any CPU.Build.0 = Release|Any CPU
	EndGlobalSection
	GlobalSection(SolutionProperties) = preSolution
		HideSolutionNode = FALSE
	EndGlobalSection
EndGlobal
